
Microsoft Visual Studio Solution File, Format Version 12.00
# Visual Studio Version 16
VisualStudioVersion = 16.0.30114.105
MinimumVisualStudioVersion = 10.0.40219.1
Project("{FAE04EC0-301F-11D3-BF4B-00C04F79EFBC}") = "Tests", "Tests\Tests.csproj", "{C83EF12D-4595-45F6-982A-DEC47CD72C42}"
EndProject
Project("{FAE04EC0-301F-11D3-BF4B-00C04F79EFBC}") = "Day01", "Day01 - Sonar Sweep\Day01.csproj", "{33810DB8-29E7-4832-9649-6145ADBD96EE}"
EndProject
Project("{FAE04EC0-301F-11D3-BF4B-00C04F79EFBC}") = "Day02", "Day02 - Dive!\Day02.csproj", "{452C1A90-CCE2-4EE1-B94D-F7AF283E4C06}"
EndProject
Project("{FAE04EC0-301F-11D3-BF4B-00C04F79EFBC}") = "Day03", "Day03 - Binary Diagnostic\Day03.csproj", "{60E0CCB5-756A-4725-B79B-B819C085ACF4}"
EndProject
Project("{FAE04EC0-301F-11D3-BF4B-00C04F79EFBC}") = "Day04", "Day04 - Giant Squid\Day04.csproj", "{049719E2-B47C-4D1F-A314-A2242425AE88}"
EndProject
Project("{FAE04EC0-301F-11D3-BF4B-00C04F79EFBC}") = "Day05", "Day05 - Hydrothermal Venture\Day05.csproj", "{08984581-4F23-4716-A359-70E4133EB33A}"
EndProject
Project("{FAE04EC0-301F-11D3-BF4B-00C04F79EFBC}") = "Day06", "Day06 - Lanternfish\Day06.csproj", "{ADA54288-8FB6-4AF2-BCDB-810487C054E1}"
EndProject
Project("{FAE04EC0-301F-11D3-BF4B-00C04F79EFBC}") = "Day07", "Day07 - The Treachery of Whales\Day07.csproj", "{247769CD-CB7C-4377-9F2F-FB004C81B4A3}"
EndProject
Project("{FAE04EC0-301F-11D3-BF4B-00C04F79EFBC}") = "Day08", "Day08 - Seven Segment Search\Day08.csproj", "{CF39C9A6-D123-4C84-AF0E-C85833E788A1}"
EndProject
Project("{FAE04EC0-301F-11D3-BF4B-00C04F79EFBC}") = "Day09", "Day09 - Smoke Basin\Day09.csproj", "{2D2858C6-E2B2-4957-8E09-8E77252744E7}"
EndProject
Global
	GlobalSection(SolutionConfigurationPlatforms) = preSolution
		Debug|Any CPU = Debug|Any CPU
		Release|Any CPU = Release|Any CPU
	EndGlobalSection
	GlobalSection(SolutionProperties) = preSolution
		HideSolutionNode = FALSE
	EndGlobalSection
	GlobalSection(ProjectConfigurationPlatforms) = postSolution
		{C83EF12D-4595-45F6-982A-DEC47CD72C42}.Debug|Any CPU.ActiveCfg = Debug|Any CPU
		{C83EF12D-4595-45F6-982A-DEC47CD72C42}.Debug|Any CPU.Build.0 = Debug|Any CPU
		{C83EF12D-4595-45F6-982A-DEC47CD72C42}.Release|Any CPU.ActiveCfg = Release|Any CPU
		{C83EF12D-4595-45F6-982A-DEC47CD72C42}.Release|Any CPU.Build.0 = Release|Any CPU
		{33810DB8-29E7-4832-9649-6145ADBD96EE}.Debug|Any CPU.ActiveCfg = Debug|Any CPU
		{33810DB8-29E7-4832-9649-6145ADBD96EE}.Debug|Any CPU.Build.0 = Debug|Any CPU
		{33810DB8-29E7-4832-9649-6145ADBD96EE}.Release|Any CPU.ActiveCfg = Release|Any CPU
		{33810DB8-29E7-4832-9649-6145ADBD96EE}.Release|Any CPU.Build.0 = Release|Any CPU
		{452C1A90-CCE2-4EE1-B94D-F7AF283E4C06}.Debug|Any CPU.ActiveCfg = Debug|Any CPU
		{452C1A90-CCE2-4EE1-B94D-F7AF283E4C06}.Debug|Any CPU.Build.0 = Debug|Any CPU
		{452C1A90-CCE2-4EE1-B94D-F7AF283E4C06}.Release|Any CPU.ActiveCfg = Release|Any CPU
		{452C1A90-CCE2-4EE1-B94D-F7AF283E4C06}.Release|Any CPU.Build.0 = Release|Any CPU
		{60E0CCB5-756A-4725-B79B-B819C085ACF4}.Debug|Any CPU.ActiveCfg = Debug|Any CPU
		{60E0CCB5-756A-4725-B79B-B819C085ACF4}.Debug|Any CPU.Build.0 = Debug|Any CPU
		{60E0CCB5-756A-4725-B79B-B819C085ACF4}.Release|Any CPU.ActiveCfg = Release|Any CPU
		{60E0CCB5-756A-4725-B79B-B819C085ACF4}.Release|Any CPU.Build.0 = Release|Any CPU
		{049719E2-B47C-4D1F-A314-A2242425AE88}.Debug|Any CPU.ActiveCfg = Debug|Any CPU
		{049719E2-B47C-4D1F-A314-A2242425AE88}.Debug|Any CPU.Build.0 = Debug|Any CPU
		{049719E2-B47C-4D1F-A314-A2242425AE88}.Release|Any CPU.ActiveCfg = Release|Any CPU
		{049719E2-B47C-4D1F-A314-A2242425AE88}.Release|Any CPU.Build.0 = Release|Any CPU
		{08984581-4F23-4716-A359-70E4133EB33A}.Debug|Any CPU.ActiveCfg = Debug|Any CPU
		{08984581-4F23-4716-A359-70E4133EB33A}.Debug|Any CPU.Build.0 = Debug|Any CPU
		{08984581-4F23-4716-A359-70E4133EB33A}.Release|Any CPU.ActiveCfg = Release|Any CPU
		{08984581-4F23-4716-A359-70E4133EB33A}.Release|Any CPU.Build.0 = Release|Any CPU
		{ADA54288-8FB6-4AF2-BCDB-810487C054E1}.Debug|Any CPU.ActiveCfg = Debug|Any CPU
		{ADA54288-8FB6-4AF2-BCDB-810487C054E1}.Debug|Any CPU.Build.0 = Debug|Any CPU
		{ADA54288-8FB6-4AF2-BCDB-810487C054E1}.Release|Any CPU.ActiveCfg = Release|Any CPU
		{ADA54288-8FB6-4AF2-BCDB-810487C054E1}.Release|Any CPU.Build.0 = Release|Any CPU
		{247769CD-CB7C-4377-9F2F-FB004C81B4A3}.Debug|Any CPU.ActiveCfg = Debug|Any CPU
		{247769CD-CB7C-4377-9F2F-FB004C81B4A3}.Debug|Any CPU.Build.0 = Debug|Any CPU
		{247769CD-CB7C-4377-9F2F-FB004C81B4A3}.Release|Any CPU.ActiveCfg = Release|Any CPU
		{247769CD-CB7C-4377-9F2F-FB004C81B4A3}.Release|Any CPU.Build.0 = Release|Any CPU
		{CF39C9A6-D123-4C84-AF0E-C85833E788A1}.Debug|Any CPU.ActiveCfg = Debug|Any CPU
		{CF39C9A6-D123-4C84-AF0E-C85833E788A1}.Debug|Any CPU.Build.0 = Debug|Any CPU
		{CF39C9A6-D123-4C84-AF0E-C85833E788A1}.Release|Any CPU.ActiveCfg = Release|Any CPU
		{CF39C9A6-D123-4C84-AF0E-C85833E788A1}.Release|Any CPU.Build.0 = Release|Any CPU
		{2D2858C6-E2B2-4957-8E09-8E77252744E7}.Debug|Any CPU.ActiveCfg = Debug|Any CPU
		{2D2858C6-E2B2-4957-8E09-8E77252744E7}.Debug|Any CPU.Build.0 = Debug|Any CPU
		{2D2858C6-E2B2-4957-8E09-8E77252744E7}.Release|Any CPU.ActiveCfg = Release|Any CPU
		{2D2858C6-E2B2-4957-8E09-8E77252744E7}.Release|Any CPU.Build.0 = Release|Any CPU
	EndGlobalSection
EndGlobal
