
Microsoft Visual Studio Solution File, Format Version 12.00
# Visual Studio Version 16
VisualStudioVersion = 16.0.30114.105
MinimumVisualStudioVersion = 10.0.40219.1
Project("{FAE04EC0-301F-11D3-BF4B-00C04F79EFBC}") = "Tests", "Tests\Tests.csproj", "{C83EF12D-4595-45F6-982A-DEC47CD72C42}"
EndProject
Project("{FAE04EC0-301F-11D3-BF4B-00C04F79EFBC}") = "Day01", "Day01 - Sonar Sweep\Day01.csproj", "{33810DB8-29E7-4832-9649-6145ADBD96EE}"
EndProject
Project("{FAE04EC0-301F-11D3-BF4B-00C04F79EFBC}") = "Day02", "Day02 - Dive!\Day02.csproj", "{452C1A90-CCE2-4EE1-B94D-F7AF283E4C06}"
EndProject
Project("{FAE04EC0-301F-11D3-BF4B-00C04F79EFBC}") = "Day03", "Day03 - Binary Diagnostic\Day03.csproj", "{60E0CCB5-756A-4725-B79B-B819C085ACF4}"
EndProject
Project("{FAE04EC0-301F-11D3-BF4B-00C04F79EFBC}") = "Day04", "Day04 - Giant Squid\Day04.csproj", "{049719E2-B47C-4D1F-A314-A2242425AE88}"
EndProject
Project("{FAE04EC0-301F-11D3-BF4B-00C04F79EFBC}") = "Day05", "Day05 - Hydrothermal Venture\Day05.csproj", "{08984581-4F23-4716-A359-70E4133EB33A}"
EndProject
Project("{FAE04EC0-301F-11D3-BF4B-00C04F79EFBC}") = "Day06", "Day06 - Lanternfish\Day06.csproj", "{ADA54288-8FB6-4AF2-BCDB-810487C054E1}"
EndProject
Project("{FAE04EC0-301F-11D3-BF4B-00C04F79EFBC}") = "Day07", "Day07 - The Treachery of Whales\Day07.csproj", "{247769CD-CB7C-4377-9F2F-FB004C81B4A3}"
EndProject
Project("{FAE04EC0-301F-11D3-BF4B-00C04F79EFBC}") = "Day08", "Day08 - Seven Segment Search\Day08.csproj", "{CF39C9A6-D123-4C84-AF0E-C85833E788A1}"
EndProject
Project("{FAE04EC0-301F-11D3-BF4B-00C04F79EFBC}") = "Day09", "Day09 - Smoke Basin\Day09.csproj", "{2D2858C6-E2B2-4957-8E09-8E77252744E7}"
EndProject
Project("{FAE04EC0-301F-11D3-BF4B-00C04F79EFBC}") = "Day10", "Day10 - Syntax Scoring\Day10.csproj", "{DE40752E-7862-479D-A35D-D075B91079F9}"
EndProject
Project("{FAE04EC0-301F-11D3-BF4B-00C04F79EFBC}") = "Day11", "Day11 - Dumbo Octopus\Day11.csproj", "{D74C8322-0ED3-481D-8416-470C72A27DD9}"
EndProject
Project("{FAE04EC0-301F-11D3-BF4B-00C04F79EFBC}") = "Day12", "Day12 - Passage Pathing\Day12.csproj", "{D202961D-9DCA-48AB-9711-86119B2B5970}"
EndProject
Project("{FAE04EC0-301F-11D3-BF4B-00C04F79EFBC}") = "Day13", "Day13 - Transparent Origami\Day13.csproj", "{84FCE78B-1392-4127-954A-821BFCD4CD75}"
EndProject
Project("{FAE04EC0-301F-11D3-BF4B-00C04F79EFBC}") = "Day14", "Day14 - Extended Polymerization\Day14.csproj", "{7084A4AE-6E5B-49C6-ADC8-9F66BF42FC41}"
EndProject
Project("{FAE04EC0-301F-11D3-BF4B-00C04F79EFBC}") = "Day15", "Day15 - Chiton\Day15.csproj", "{3ECCAC36-70D2-451B-9A98-BC59D4F3B9B0}"
EndProject
Project("{FAE04EC0-301F-11D3-BF4B-00C04F79EFBC}") = "Day16", "Day16 - Packet Decoder\Day16.csproj", "{2B17EA80-2A9B-493B-BC4D-4A9188859251}"
EndProject
Project("{FAE04EC0-301F-11D3-BF4B-00C04F79EFBC}") = "Day17", "Day17 - Trick Shot\Day17.csproj", "{AE01843B-51E1-4022-99E9-46410DB8D3A7}"
EndProject
Project("{FAE04EC0-301F-11D3-BF4B-00C04F79EFBC}") = "Day18", "Day18 - Snailfish\Day18.csproj", "{0ED78452-0883-4487-801C-79912F1EFC20}"
EndProject
Project("{FAE04EC0-301F-11D3-BF4B-00C04F79EFBC}") = "Day19", "Day19 - Beacon Scanner\Day19.csproj", "{9A8D33C0-4519-4EE8-B0FC-E6596FBD6FEF}"
EndProject
Project("{FAE04EC0-301F-11D3-BF4B-00C04F79EFBC}") = "Day20", "Day20 - Trench Map\Day20.csproj", "{0A12CD0D-18B4-4F6E-8BFF-F86CC5DA528B}"
EndProject
Project("{FAE04EC0-301F-11D3-BF4B-00C04F79EFBC}") = "Day21", "Day21 - Dirac Dice\Day21.csproj", "{CEB1E71F-EEE2-45B8-9EAE-8254B97BB0C4}"
EndProject
Project("{FAE04EC0-301F-11D3-BF4B-00C04F79EFBC}") = "Day22", "Day22 - Reactor Reboot\Day22.csproj", "{AB1A5E3A-6175-4415-8D1D-F5718A974CD7}"
EndProject
Project("{FAE04EC0-301F-11D3-BF4B-00C04F79EFBC}") = "Day23", "Day23 - Amphipod\Day23.csproj", "{01EB479C-99DD-47FA-BCC5-2AB53ED18592}"
EndProject
Global
	GlobalSection(SolutionConfigurationPlatforms) = preSolution
		Debug|Any CPU = Debug|Any CPU
		Release|Any CPU = Release|Any CPU
	EndGlobalSection
	GlobalSection(SolutionProperties) = preSolution
		HideSolutionNode = FALSE
	EndGlobalSection
	GlobalSection(ProjectConfigurationPlatforms) = postSolution
		{C83EF12D-4595-45F6-982A-DEC47CD72C42}.Debug|Any CPU.ActiveCfg = Debug|Any CPU
		{C83EF12D-4595-45F6-982A-DEC47CD72C42}.Debug|Any CPU.Build.0 = Debug|Any CPU
		{C83EF12D-4595-45F6-982A-DEC47CD72C42}.Release|Any CPU.ActiveCfg = Release|Any CPU
		{C83EF12D-4595-45F6-982A-DEC47CD72C42}.Release|Any CPU.Build.0 = Release|Any CPU
		{33810DB8-29E7-4832-9649-6145ADBD96EE}.Debug|Any CPU.ActiveCfg = Debug|Any CPU
		{33810DB8-29E7-4832-9649-6145ADBD96EE}.Debug|Any CPU.Build.0 = Debug|Any CPU
		{33810DB8-29E7-4832-9649-6145ADBD96EE}.Release|Any CPU.ActiveCfg = Release|Any CPU
		{33810DB8-29E7-4832-9649-6145ADBD96EE}.Release|Any CPU.Build.0 = Release|Any CPU
		{452C1A90-CCE2-4EE1-B94D-F7AF283E4C06}.Debug|Any CPU.ActiveCfg = Debug|Any CPU
		{452C1A90-CCE2-4EE1-B94D-F7AF283E4C06}.Debug|Any CPU.Build.0 = Debug|Any CPU
		{452C1A90-CCE2-4EE1-B94D-F7AF283E4C06}.Release|Any CPU.ActiveCfg = Release|Any CPU
		{452C1A90-CCE2-4EE1-B94D-F7AF283E4C06}.Release|Any CPU.Build.0 = Release|Any CPU
		{60E0CCB5-756A-4725-B79B-B819C085ACF4}.Debug|Any CPU.ActiveCfg = Debug|Any CPU
		{60E0CCB5-756A-4725-B79B-B819C085ACF4}.Debug|Any CPU.Build.0 = Debug|Any CPU
		{60E0CCB5-756A-4725-B79B-B819C085ACF4}.Release|Any CPU.ActiveCfg = Release|Any CPU
		{60E0CCB5-756A-4725-B79B-B819C085ACF4}.Release|Any CPU.Build.0 = Release|Any CPU
		{049719E2-B47C-4D1F-A314-A2242425AE88}.Debug|Any CPU.ActiveCfg = Debug|Any CPU
		{049719E2-B47C-4D1F-A314-A2242425AE88}.Debug|Any CPU.Build.0 = Debug|Any CPU
		{049719E2-B47C-4D1F-A314-A2242425AE88}.Release|Any CPU.ActiveCfg = Release|Any CPU
		{049719E2-B47C-4D1F-A314-A2242425AE88}.Release|Any CPU.Build.0 = Release|Any CPU
		{08984581-4F23-4716-A359-70E4133EB33A}.Debug|Any CPU.ActiveCfg = Debug|Any CPU
		{08984581-4F23-4716-A359-70E4133EB33A}.Debug|Any CPU.Build.0 = Debug|Any CPU
		{08984581-4F23-4716-A359-70E4133EB33A}.Release|Any CPU.ActiveCfg = Release|Any CPU
		{08984581-4F23-4716-A359-70E4133EB33A}.Release|Any CPU.Build.0 = Release|Any CPU
		{ADA54288-8FB6-4AF2-BCDB-810487C054E1}.Debug|Any CPU.ActiveCfg = Debug|Any CPU
		{ADA54288-8FB6-4AF2-BCDB-810487C054E1}.Debug|Any CPU.Build.0 = Debug|Any CPU
		{ADA54288-8FB6-4AF2-BCDB-810487C054E1}.Release|Any CPU.ActiveCfg = Release|Any CPU
		{ADA54288-8FB6-4AF2-BCDB-810487C054E1}.Release|Any CPU.Build.0 = Release|Any CPU
		{247769CD-CB7C-4377-9F2F-FB004C81B4A3}.Debug|Any CPU.ActiveCfg = Debug|Any CPU
		{247769CD-CB7C-4377-9F2F-FB004C81B4A3}.Debug|Any CPU.Build.0 = Debug|Any CPU
		{247769CD-CB7C-4377-9F2F-FB004C81B4A3}.Release|Any CPU.ActiveCfg = Release|Any CPU
		{247769CD-CB7C-4377-9F2F-FB004C81B4A3}.Release|Any CPU.Build.0 = Release|Any CPU
		{CF39C9A6-D123-4C84-AF0E-C85833E788A1}.Debug|Any CPU.ActiveCfg = Debug|Any CPU
		{CF39C9A6-D123-4C84-AF0E-C85833E788A1}.Debug|Any CPU.Build.0 = Debug|Any CPU
		{CF39C9A6-D123-4C84-AF0E-C85833E788A1}.Release|Any CPU.ActiveCfg = Release|Any CPU
		{CF39C9A6-D123-4C84-AF0E-C85833E788A1}.Release|Any CPU.Build.0 = Release|Any CPU
		{2D2858C6-E2B2-4957-8E09-8E77252744E7}.Debug|Any CPU.ActiveCfg = Debug|Any CPU
		{2D2858C6-E2B2-4957-8E09-8E77252744E7}.Debug|Any CPU.Build.0 = Debug|Any CPU
		{2D2858C6-E2B2-4957-8E09-8E77252744E7}.Release|Any CPU.ActiveCfg = Release|Any CPU
		{2D2858C6-E2B2-4957-8E09-8E77252744E7}.Release|Any CPU.Build.0 = Release|Any CPU
		{DE40752E-7862-479D-A35D-D075B91079F9}.Debug|Any CPU.ActiveCfg = Debug|Any CPU
		{DE40752E-7862-479D-A35D-D075B91079F9}.Debug|Any CPU.Build.0 = Debug|Any CPU
		{DE40752E-7862-479D-A35D-D075B91079F9}.Release|Any CPU.ActiveCfg = Release|Any CPU
		{DE40752E-7862-479D-A35D-D075B91079F9}.Release|Any CPU.Build.0 = Release|Any CPU
		{D74C8322-0ED3-481D-8416-470C72A27DD9}.Debug|Any CPU.ActiveCfg = Debug|Any CPU
		{D74C8322-0ED3-481D-8416-470C72A27DD9}.Debug|Any CPU.Build.0 = Debug|Any CPU
		{D74C8322-0ED3-481D-8416-470C72A27DD9}.Release|Any CPU.ActiveCfg = Release|Any CPU
		{D74C8322-0ED3-481D-8416-470C72A27DD9}.Release|Any CPU.Build.0 = Release|Any CPU
		{D202961D-9DCA-48AB-9711-86119B2B5970}.Debug|Any CPU.ActiveCfg = Debug|Any CPU
		{D202961D-9DCA-48AB-9711-86119B2B5970}.Debug|Any CPU.Build.0 = Debug|Any CPU
		{D202961D-9DCA-48AB-9711-86119B2B5970}.Release|Any CPU.ActiveCfg = Release|Any CPU
		{D202961D-9DCA-48AB-9711-86119B2B5970}.Release|Any CPU.Build.0 = Release|Any CPU
		{84FCE78B-1392-4127-954A-821BFCD4CD75}.Debug|Any CPU.ActiveCfg = Debug|Any CPU
		{84FCE78B-1392-4127-954A-821BFCD4CD75}.Debug|Any CPU.Build.0 = Debug|Any CPU
		{84FCE78B-1392-4127-954A-821BFCD4CD75}.Release|Any CPU.ActiveCfg = Release|Any CPU
		{84FCE78B-1392-4127-954A-821BFCD4CD75}.Release|Any CPU.Build.0 = Release|Any CPU
		{7084A4AE-6E5B-49C6-ADC8-9F66BF42FC41}.Debug|Any CPU.ActiveCfg = Debug|Any CPU
		{7084A4AE-6E5B-49C6-ADC8-9F66BF42FC41}.Debug|Any CPU.Build.0 = Debug|Any CPU
		{7084A4AE-6E5B-49C6-ADC8-9F66BF42FC41}.Release|Any CPU.ActiveCfg = Release|Any CPU
		{7084A4AE-6E5B-49C6-ADC8-9F66BF42FC41}.Release|Any CPU.Build.0 = Release|Any CPU
		{3ECCAC36-70D2-451B-9A98-BC59D4F3B9B0}.Debug|Any CPU.ActiveCfg = Debug|Any CPU
		{3ECCAC36-70D2-451B-9A98-BC59D4F3B9B0}.Debug|Any CPU.Build.0 = Debug|Any CPU
		{3ECCAC36-70D2-451B-9A98-BC59D4F3B9B0}.Release|Any CPU.ActiveCfg = Release|Any CPU
		{3ECCAC36-70D2-451B-9A98-BC59D4F3B9B0}.Release|Any CPU.Build.0 = Release|Any CPU
		{2B17EA80-2A9B-493B-BC4D-4A9188859251}.Debug|Any CPU.ActiveCfg = Debug|Any CPU
		{2B17EA80-2A9B-493B-BC4D-4A9188859251}.Debug|Any CPU.Build.0 = Debug|Any CPU
		{2B17EA80-2A9B-493B-BC4D-4A9188859251}.Release|Any CPU.ActiveCfg = Release|Any CPU
		{2B17EA80-2A9B-493B-BC4D-4A9188859251}.Release|Any CPU.Build.0 = Release|Any CPU
		{AE01843B-51E1-4022-99E9-46410DB8D3A7}.Debug|Any CPU.ActiveCfg = Debug|Any CPU
		{AE01843B-51E1-4022-99E9-46410DB8D3A7}.Debug|Any CPU.Build.0 = Debug|Any CPU
		{AE01843B-51E1-4022-99E9-46410DB8D3A7}.Release|Any CPU.ActiveCfg = Release|Any CPU
		{AE01843B-51E1-4022-99E9-46410DB8D3A7}.Release|Any CPU.Build.0 = Release|Any CPU
		{0ED78452-0883-4487-801C-79912F1EFC20}.Debug|Any CPU.ActiveCfg = Debug|Any CPU
		{0ED78452-0883-4487-801C-79912F1EFC20}.Debug|Any CPU.Build.0 = Debug|Any CPU
		{0ED78452-0883-4487-801C-79912F1EFC20}.Release|Any CPU.ActiveCfg = Release|Any CPU
		{0ED78452-0883-4487-801C-79912F1EFC20}.Release|Any CPU.Build.0 = Release|Any CPU
		{9A8D33C0-4519-4EE8-B0FC-E6596FBD6FEF}.Debug|Any CPU.ActiveCfg = Debug|Any CPU
		{9A8D33C0-4519-4EE8-B0FC-E6596FBD6FEF}.Debug|Any CPU.Build.0 = Debug|Any CPU
		{9A8D33C0-4519-4EE8-B0FC-E6596FBD6FEF}.Release|Any CPU.ActiveCfg = Release|Any CPU
		{9A8D33C0-4519-4EE8-B0FC-E6596FBD6FEF}.Release|Any CPU.Build.0 = Release|Any CPU
		{0A12CD0D-18B4-4F6E-8BFF-F86CC5DA528B}.Debug|Any CPU.ActiveCfg = Debug|Any CPU
		{0A12CD0D-18B4-4F6E-8BFF-F86CC5DA528B}.Debug|Any CPU.Build.0 = Debug|Any CPU
		{0A12CD0D-18B4-4F6E-8BFF-F86CC5DA528B}.Release|Any CPU.ActiveCfg = Release|Any CPU
		{0A12CD0D-18B4-4F6E-8BFF-F86CC5DA528B}.Release|Any CPU.Build.0 = Release|Any CPU
		{CEB1E71F-EEE2-45B8-9EAE-8254B97BB0C4}.Debug|Any CPU.ActiveCfg = Debug|Any CPU
		{CEB1E71F-EEE2-45B8-9EAE-8254B97BB0C4}.Debug|Any CPU.Build.0 = Debug|Any CPU
		{CEB1E71F-EEE2-45B8-9EAE-8254B97BB0C4}.Release|Any CPU.ActiveCfg = Release|Any CPU
		{CEB1E71F-EEE2-45B8-9EAE-8254B97BB0C4}.Release|Any CPU.Build.0 = Release|Any CPU
		{AB1A5E3A-6175-4415-8D1D-F5718A974CD7}.Debug|Any CPU.ActiveCfg = Debug|Any CPU
		{AB1A5E3A-6175-4415-8D1D-F5718A974CD7}.Debug|Any CPU.Build.0 = Debug|Any CPU
		{AB1A5E3A-6175-4415-8D1D-F5718A974CD7}.Release|Any CPU.ActiveCfg = Release|Any CPU
		{AB1A5E3A-6175-4415-8D1D-F5718A974CD7}.Release|Any CPU.Build.0 = Release|Any CPU
		{01EB479C-99DD-47FA-BCC5-2AB53ED18592}.Debug|Any CPU.ActiveCfg = Debug|Any CPU
		{01EB479C-99DD-47FA-BCC5-2AB53ED18592}.Debug|Any CPU.Build.0 = Debug|Any CPU
		{01EB479C-99DD-47FA-BCC5-2AB53ED18592}.Release|Any CPU.ActiveCfg = Release|Any CPU
		{01EB479C-99DD-47FA-BCC5-2AB53ED18592}.Release|Any CPU.Build.0 = Release|Any CPU
	EndGlobalSection
EndGlobal
